// !$*UTF8*$!
{
	archiveVersion = 1;
	classes = {
	};
	objectVersion = 51;
	objects = {

/* Begin PBXBuildFile section */
		728A88382600975900C4414F /* AppDelegate.swift in Sources */ = {isa = PBXBuildFile; fileRef = 728A88372600975900C4414F /* AppDelegate.swift */; };
		728A883C2600975900C4414F /* LoginViewController.swift in Sources */ = {isa = PBXBuildFile; fileRef = 728A883B2600975900C4414F /* LoginViewController.swift */; };
		728A88412600975B00C4414F /* Assets.xcassets in Resources */ = {isa = PBXBuildFile; fileRef = 728A88402600975B00C4414F /* Assets.xcassets */; };
		728A88442600975B00C4414F /* LaunchScreen.storyboard in Resources */ = {isa = PBXBuildFile; fileRef = 728A88422600975B00C4414F /* LaunchScreen.storyboard */; };
		72B41A5626009D790030DE34 /* BaseClass.swift in Sources */ = {isa = PBXBuildFile; fileRef = 72B41A5526009D790030DE34 /* BaseClass.swift */; };
		72B41A5A26009DEF0030DE34 /* LoginView.swift in Sources */ = {isa = PBXBuildFile; fileRef = 72B41A5926009DEF0030DE34 /* LoginView.swift */; };
		D3E7567EF275B0F79B01FC61 /* Pods_RxLogin.framework in Frameworks */ = {isa = PBXBuildFile; fileRef = C91DE0A34AA3E2B4EC8A6B1B /* Pods_RxLogin.framework */; };
/* End PBXBuildFile section */

/* Begin PBXFileReference section */
		31DF9B4DD5F6FD8B8CA4CF65 /* Pods-RxLogin.release.xcconfig */ = {isa = PBXFileReference; includeInIndex = 1; lastKnownFileType = text.xcconfig; name = "Pods-RxLogin.release.xcconfig"; path = "Target Support Files/Pods-RxLogin/Pods-RxLogin.release.xcconfig"; sourceTree = "<group>"; };
		728A88342600975900C4414F /* RxLogin.app */ = {isa = PBXFileReference; explicitFileType = wrapper.application; includeInIndex = 0; path = RxLogin.app; sourceTree = BUILT_PRODUCTS_DIR; };
		728A88372600975900C4414F /* AppDelegate.swift */ = {isa = PBXFileReference; lastKnownFileType = sourcecode.swift; path = AppDelegate.swift; sourceTree = "<group>"; };
		728A883B2600975900C4414F /* LoginViewController.swift */ = {isa = PBXFileReference; lastKnownFileType = sourcecode.swift; path = LoginViewController.swift; sourceTree = "<group>"; };
		728A88402600975B00C4414F /* Assets.xcassets */ = {isa = PBXFileReference; lastKnownFileType = folder.assetcatalog; path = Assets.xcassets; sourceTree = "<group>"; };
		728A88432600975B00C4414F /* Base */ = {isa = PBXFileReference; lastKnownFileType = file.storyboard; name = Base; path = Base.lproj/LaunchScreen.storyboard; sourceTree = "<group>"; };
		728A88452600975B00C4414F /* Info.plist */ = {isa = PBXFileReference; lastKnownFileType = text.plist.xml; path = Info.plist; sourceTree = "<group>"; };
		72B41A5526009D790030DE34 /* BaseClass.swift */ = {isa = PBXFileReference; lastKnownFileType = sourcecode.swift; path = BaseClass.swift; sourceTree = "<group>"; };
		72B41A5926009DEF0030DE34 /* LoginView.swift */ = {isa = PBXFileReference; lastKnownFileType = sourcecode.swift; path = LoginView.swift; sourceTree = "<group>"; };
		9D97A3D9A0B03B4EA71AB2C3 /* Pods-RxLogin.debug.xcconfig */ = {isa = PBXFileReference; includeInIndex = 1; lastKnownFileType = text.xcconfig; name = "Pods-RxLogin.debug.xcconfig"; path = "Target Support Files/Pods-RxLogin/Pods-RxLogin.debug.xcconfig"; sourceTree = "<group>"; };
		C91DE0A34AA3E2B4EC8A6B1B /* Pods_RxLogin.framework */ = {isa = PBXFileReference; explicitFileType = wrapper.framework; includeInIndex = 0; path = Pods_RxLogin.framework; sourceTree = BUILT_PRODUCTS_DIR; };
/* End PBXFileReference section */

/* Begin PBXFrameworksBuildPhase section */
		728A88312600975900C4414F /* Frameworks */ = {
			isa = PBXFrameworksBuildPhase;
			buildActionMask = 2147483647;
			files = (
				D3E7567EF275B0F79B01FC61 /* Pods_RxLogin.framework in Frameworks */,
			);
			runOnlyForDeploymentPostprocessing = 0;
		};
/* End PBXFrameworksBuildPhase section */

/* Begin PBXGroup section */
		46621CE2273F38874EC5D8F7 /* Frameworks */ = {
			isa = PBXGroup;
			children = (
				C91DE0A34AA3E2B4EC8A6B1B /* Pods_RxLogin.framework */,
			);
			name = Frameworks;
			sourceTree = "<group>";
		};
		541084197C5BBD5B9F012113 /* Pods */ = {
			isa = PBXGroup;
			children = (
				9D97A3D9A0B03B4EA71AB2C3 /* Pods-RxLogin.debug.xcconfig */,
				31DF9B4DD5F6FD8B8CA4CF65 /* Pods-RxLogin.release.xcconfig */,
			);
			path = Pods;
			sourceTree = "<group>";
		};
		728A882B2600975900C4414F = {
			isa = PBXGroup;
			children = (
				728A88362600975900C4414F /* RxLogin */,
				728A88352600975900C4414F /* Products */,
				541084197C5BBD5B9F012113 /* Pods */,
				46621CE2273F38874EC5D8F7 /* Frameworks */,
			);
			sourceTree = "<group>";
		};
		728A88352600975900C4414F /* Products */ = {
			isa = PBXGroup;
			children = (
				728A88342600975900C4414F /* RxLogin.app */,
			);
			name = Products;
			sourceTree = "<group>";
		};
		728A88362600975900C4414F /* RxLogin */ = {
			isa = PBXGroup;
			children = (
				72B41A5426009D660030DE34 /* base */,
				72B41A5326009D540030DE34 /* login */,
				728A88372600975900C4414F /* AppDelegate.swift */,
				728A88402600975B00C4414F /* Assets.xcassets */,
				728A88422600975B00C4414F /* LaunchScreen.storyboard */,
				728A88452600975B00C4414F /* Info.plist */,
			);
			path = RxLogin;
			sourceTree = "<group>";
		};
		72B41A5326009D540030DE34 /* login */ = {
			isa = PBXGroup;
			children = (
				728A883B2600975900C4414F /* LoginViewController.swift */,
				72B41A5926009DEF0030DE34 /* LoginView.swift */,
			);
			path = login;
			sourceTree = "<group>";
		};
		72B41A5426009D660030DE34 /* base */ = {
			isa = PBXGroup;
			children = (
				72B41A5526009D790030DE34 /* BaseClass.swift */,
			);
			path = base;
			sourceTree = "<group>";
		};
/* End PBXGroup section */

/* Begin PBXNativeTarget section */
		728A88332600975900C4414F /* RxLogin */ = {
			isa = PBXNativeTarget;
			buildConfigurationList = 728A88482600975B00C4414F /* Build configuration list for PBXNativeTarget "RxLogin" */;
			buildPhases = (
				66868F654748AFD9EFF7C839 /* [CP] Check Pods Manifest.lock */,
				728A88302600975900C4414F /* Sources */,
				728A88312600975900C4414F /* Frameworks */,
				728A88322600975900C4414F /* Resources */,
				5CAACB807953D2C808CE3BF9 /* [CP] Embed Pods Frameworks */,
			);
			buildRules = (
			);
			dependencies = (
			);
			name = RxLogin;
			productName = RxLogin;
			productReference = 728A88342600975900C4414F /* RxLogin.app */;
			productType = "com.apple.product-type.application";
		};
/* End PBXNativeTarget section */

/* Begin PBXProject section */
		728A882C2600975900C4414F /* Project object */ = {
			isa = PBXProject;
			attributes = {
				LastSwiftUpdateCheck = 1240;
				LastUpgradeCheck = 1240;
				TargetAttributes = {
					728A88332600975900C4414F = {
						CreatedOnToolsVersion = 12.4;
					};
				};
			};
			buildConfigurationList = 728A882F2600975900C4414F /* Build configuration list for PBXProject "RxLogin" */;
			compatibilityVersion = "Xcode 9.3";
			developmentRegion = en;
			hasScannedForEncodings = 0;
			knownRegions = (
				en,
				Base,
			);
			mainGroup = 728A882B2600975900C4414F;
			productRefGroup = 728A88352600975900C4414F /* Products */;
			projectDirPath = "";
			projectRoot = "";
			targets = (
				728A88332600975900C4414F /* RxLogin */,
			);
		};
/* End PBXProject section */

/* Begin PBXResourcesBuildPhase section */
		728A88322600975900C4414F /* Resources */ = {
			isa = PBXResourcesBuildPhase;
			buildActionMask = 2147483647;
			files = (
				728A88442600975B00C4414F /* LaunchScreen.storyboard in Resources */,
				728A88412600975B00C4414F /* Assets.xcassets in Resources */,
			);
			runOnlyForDeploymentPostprocessing = 0;
		};
/* End PBXResourcesBuildPhase section */

/* Begin PBXShellScriptBuildPhase section */
		5CAACB807953D2C808CE3BF9 /* [CP] Embed Pods Frameworks */ = {
			isa = PBXShellScriptBuildPhase;
			buildActionMask = 2147483647;
			files = (
			);
			inputFileListPaths = (
				"${PODS_ROOT}/Target Support Files/Pods-RxLogin/Pods-RxLogin-frameworks-${CONFIGURATION}-input-files.xcfilelist",
			);
			name = "[CP] Embed Pods Frameworks";
			outputFileListPaths = (
				"${PODS_ROOT}/Target Support Files/Pods-RxLogin/Pods-RxLogin-frameworks-${CONFIGURATION}-output-files.xcfilelist",
			);
			runOnlyForDeploymentPostprocessing = 0;
			shellPath = /bin/sh;
			shellScript = "\"${PODS_ROOT}/Target Support Files/Pods-RxLogin/Pods-RxLogin-frameworks.sh\"\n";
			showEnvVarsInLog = 0;
		};
		66868F654748AFD9EFF7C839 /* [CP] Check Pods Manifest.lock */ = {
			isa = PBXShellScriptBuildPhase;
			buildActionMask = 2147483647;
			files = (
			);
			inputFileListPaths = (
			);
			inputPaths = (
				"${PODS_PODFILE_DIR_PATH}/Podfile.lock",
				"${PODS_ROOT}/Manifest.lock",
			);
			name = "[CP] Check Pods Manifest.lock";
			outputFileListPaths = (
			);
			outputPaths = (
				"$(DERIVED_FILE_DIR)/Pods-RxLogin-checkManifestLockResult.txt",
			);
			runOnlyForDeploymentPostprocessing = 0;
			shellPath = /bin/sh;
			shellScript = "diff \"${PODS_PODFILE_DIR_PATH}/Podfile.lock\" \"${PODS_ROOT}/Manifest.lock\" > /dev/null\nif [ $? != 0 ] ; then\n    # print error to STDERR\n    echo \"error: The sandbox is not in sync with the Podfile.lock. Run 'pod install' or update your CocoaPods installation.\" >&2\n    exit 1\nfi\n# This output is used by Xcode 'outputs' to avoid re-running this script phase.\necho \"SUCCESS\" > \"${SCRIPT_OUTPUT_FILE_0}\"\n";
			showEnvVarsInLog = 0;
		};
/* End PBXShellScriptBuildPhase section */

/* Begin PBXSourcesBuildPhase section */
		728A88302600975900C4414F /* Sources */ = {
			isa = PBXSourcesBuildPhase;
			buildActionMask = 2147483647;
			files = (
				728A883C2600975900C4414F /* LoginViewController.swift in Sources */,
				72B41A5626009D790030DE34 /* BaseClass.swift in Sources */,
				72B41A5A26009DEF0030DE34 /* LoginView.swift in Sources */,
				728A88382600975900C4414F /* AppDelegate.swift in Sources */,
			);
			runOnlyForDeploymentPostprocessing = 0;
		};
/* End PBXSourcesBuildPhase section */

/* Begin PBXVariantGroup section */
		728A88422600975B00C4414F /* LaunchScreen.storyboard */ = {
			isa = PBXVariantGroup;
			children = (
				728A88432600975B00C4414F /* Base */,
			);
			name = LaunchScreen.storyboard;
			sourceTree = "<group>";
		};
/* End PBXVariantGroup section */

/* Begin XCBuildConfiguration section */
		728A88462600975B00C4414F /* Debug */ = {
			isa = XCBuildConfiguration;
			buildSettings = {
				ALWAYS_SEARCH_USER_PATHS = NO;
				CLANG_ANALYZER_NONNULL = YES;
				CLANG_ANALYZER_NUMBER_OBJECT_CONVERSION = YES_AGGRESSIVE;
				CLANG_CXX_LANGUAGE_STANDARD = "gnu++14";
				CLANG_CXX_LIBRARY = "libc++";
				CLANG_ENABLE_MODULES = YES;
				CLANG_ENABLE_OBJC_ARC = YES;
				CLANG_ENABLE_OBJC_WEAK = YES;
				CLANG_WARN_BLOCK_CAPTURE_AUTORELEASING = YES;
				CLANG_WARN_BOOL_CONVERSION = YES;
				CLANG_WARN_COMMA = YES;
				CLANG_WARN_CONSTANT_CONVERSION = YES;
				CLANG_WARN_DEPRECATED_OBJC_IMPLEMENTATIONS = YES;
				CLANG_WARN_DIRECT_OBJC_ISA_USAGE = YES_ERROR;
				CLANG_WARN_DOCUMENTATION_COMMENTS = YES;
				CLANG_WARN_EMPTY_BODY = YES;
				CLANG_WARN_ENUM_CONVERSION = YES;
				CLANG_WARN_INFINITE_RECURSION = YES;
				CLANG_WARN_INT_CONVERSION = YES;
				CLANG_WARN_NON_LITERAL_NULL_CONVERSION = YES;
				CLANG_WARN_OBJC_IMPLICIT_RETAIN_SELF = YES;
				CLANG_WARN_OBJC_LITERAL_CONVERSION = YES;
				CLANG_WARN_OBJC_ROOT_CLASS = YES_ERROR;
				CLANG_WARN_QUOTED_INCLUDE_IN_FRAMEWORK_HEADER = YES;
				CLANG_WARN_RANGE_LOOP_ANALYSIS = YES;
				CLANG_WARN_STRICT_PROTOTYPES = YES;
				CLANG_WARN_SUSPICIOUS_MOVE = YES;
				CLANG_WARN_UNGUARDED_AVAILABILITY = YES_AGGRESSIVE;
				CLANG_WARN_UNREACHABLE_CODE = YES;
				CLANG_WARN__DUPLICATE_METHOD_MATCH = YES;
				COPY_PHASE_STRIP = NO;
				DEBUG_INFORMATION_FORMAT = dwarf;
				ENABLE_STRICT_OBJC_MSGSEND = YES;
				ENABLE_TESTABILITY = YES;
				GCC_C_LANGUAGE_STANDARD = gnu11;
				GCC_DYNAMIC_NO_PIC = NO;
				GCC_NO_COMMON_BLOCKS = YES;
				GCC_OPTIMIZATION_LEVEL = 0;
				GCC_PREPROCESSOR_DEFINITIONS = (
					"DEBUG=1",
					"$(inherited)",
				);
				GCC_WARN_64_TO_32_BIT_CONVERSION = YES;
				GCC_WARN_ABOUT_RETURN_TYPE = YES_ERROR;
				GCC_WARN_UNDECLARED_SELECTOR = YES;
				GCC_WARN_UNINITIALIZED_AUTOS = YES_AGGRESSIVE;
				GCC_WARN_UNUSED_FUNCTION = YES;
				GCC_WARN_UNUSED_VARIABLE = YES;
				IPHONEOS_DEPLOYMENT_TARGET = 14.4;
				MTL_ENABLE_DEBUG_INFO = INCLUDE_SOURCE;
				MTL_FAST_MATH = YES;
				ONLY_ACTIVE_ARCH = YES;
				SDKROOT = iphoneos;
				SWIFT_ACTIVE_COMPILATION_CONDITIONS = DEBUG;
				SWIFT_OPTIMIZATION_LEVEL = "-Onone";
			};
			name = Debug;
		};
		728A88472600975B00C4414F /* Release */ = {
			isa = XCBuildConfiguration;
			buildSettings = {
				ALWAYS_SEARCH_USER_PATHS = NO;
				CLANG_ANALYZER_NONNULL = YES;
				CLANG_ANALYZER_NUMBER_OBJECT_CONVERSION = YES_AGGRESSIVE;
				CLANG_CXX_LANGUAGE_STANDARD = "gnu++14";
				CLANG_CXX_LIBRARY = "libc++";
				CLANG_ENABLE_MODULES = YES;
				CLANG_ENABLE_OBJC_ARC = YES;
				CLANG_ENABLE_OBJC_WEAK = YES;
				CLANG_WARN_BLOCK_CAPTURE_AUTORELEASING = YES;
				CLANG_WARN_BOOL_CONVERSION = YES;
				CLANG_WARN_COMMA = YES;
				CLANG_WARN_CONSTANT_CONVERSION = YES;
				CLANG_WARN_DEPRECATED_OBJC_IMPLEMENTATIONS = YES;
				CLANG_WARN_DIRECT_OBJC_ISA_USAGE = YES_ERROR;
				CLANG_WARN_DOCUMENTATION_COMMENTS = YES;
				CLANG_WARN_EMPTY_BODY = YES;
				CLANG_WARN_ENUM_CONVERSION = YES;
				CLANG_WARN_INFINITE_RECURSION = YES;
				CLANG_WARN_INT_CONVERSION = YES;
				CLANG_WARN_NON_LITERAL_NULL_CONVERSION = YES;
				CLANG_WARN_OBJC_IMPLICIT_RETAIN_SELF = YES;
				CLANG_WARN_OBJC_LITERAL_CONVERSION = YES;
				CLANG_WARN_OBJC_ROOT_CLASS = YES_ERROR;
				CLANG_WARN_QUOTED_INCLUDE_IN_FRAMEWORK_HEADER = YES;
				CLANG_WARN_RANGE_LOOP_ANALYSIS = YES;
				CLANG_WARN_STRICT_PROTOTYPES = YES;
				CLANG_WARN_SUSPICIOUS_MOVE = YES;
				CLANG_WARN_UNGUARDED_AVAILABILITY = YES_AGGRESSIVE;
				CLANG_WARN_UNREACHABLE_CODE = YES;
				CLANG_WARN__DUPLICATE_METHOD_MATCH = YES;
				COPY_PHASE_STRIP = NO;
				DEBUG_INFORMATION_FORMAT = "dwarf-with-dsym";
				ENABLE_NS_ASSERTIONS = NO;
				ENABLE_STRICT_OBJC_MSGSEND = YES;
				GCC_C_LANGUAGE_STANDARD = gnu11;
				GCC_NO_COMMON_BLOCKS = YES;
				GCC_WARN_64_TO_32_BIT_CONVERSION = YES;
				GCC_WARN_ABOUT_RETURN_TYPE = YES_ERROR;
				GCC_WARN_UNDECLARED_SELECTOR = YES;
				GCC_WARN_UNINITIALIZED_AUTOS = YES_AGGRESSIVE;
				GCC_WARN_UNUSED_FUNCTION = YES;
				GCC_WARN_UNUSED_VARIABLE = YES;
				IPHONEOS_DEPLOYMENT_TARGET = 14.4;
				MTL_ENABLE_DEBUG_INFO = NO;
				MTL_FAST_MATH = YES;
				SDKROOT = iphoneos;
				SWIFT_COMPILATION_MODE = wholemodule;
				SWIFT_OPTIMIZATION_LEVEL = "-O";
				VALIDATE_PRODUCT = YES;
			};
			name = Release;
		};
		728A88492600975B00C4414F /* Debug */ = {
			isa = XCBuildConfiguration;
			baseConfigurationReference = 9D97A3D9A0B03B4EA71AB2C3 /* Pods-RxLogin.debug.xcconfig */;
			buildSettings = {
				ASSETCATALOG_COMPILER_APPICON_NAME = AppIcon;
				ASSETCATALOG_COMPILER_GLOBAL_ACCENT_COLOR_NAME = AccentColor;
				CODE_SIGN_STYLE = Automatic;
				DEVELOPMENT_TEAM = LHMNAPQ6N7;
				INFOPLIST_FILE = RxLogin/Info.plist;
				LD_RUNPATH_SEARCH_PATHS = (
					"$(inherited)",
					"@executable_path/Frameworks",
				);
				PRODUCT_BUNDLE_IDENTIFIER = practice.RxLogin;
				PRODUCT_NAME = "$(TARGET_NAME)";
				SWIFT_VERSION = 5.0;
				TARGETED_DEVICE_FAMILY = "1,2";
			};
			name = Debug;
		};
		728A884A2600975B00C4414F /* Release */ = {
			isa = XCBuildConfiguration;
			baseConfigurationReference = 31DF9B4DD5F6FD8B8CA4CF65 /* Pods-RxLogin.release.xcconfig */;
			buildSettings = {
				ASSETCATALOG_COMPILER_APPICON_NAME = AppIcon;
				ASSETCATALOG_COMPILER_GLOBAL_ACCENT_COLOR_NAME = AccentColor;
				CODE_SIGN_STYLE = Automatic;
				DEVELOPMENT_TEAM = LHMNAPQ6N7;
				INFOPLIST_FILE = RxLogin/Info.plist;
				LD_RUNPATH_SEARCH_PATHS = (
					"$(inherited)",
					"@executable_path/Frameworks",
				);
				PRODUCT_BUNDLE_IDENTIFIER = practice.RxLogin;
				PRODUCT_NAME = "$(TARGET_NAME)";
				SWIFT_VERSION = 5.0;
				TARGETED_DEVICE_FAMILY = "1,2";
			};
			name = Release;
		};
/* End XCBuildConfiguration section */

/* Begin XCConfigurationList section */
		728A882F2600975900C4414F /* Build configuration list for PBXProject "RxLogin" */ = {
			isa = XCConfigurationList;
			buildConfigurations = (
				728A88462600975B00C4414F /* Debug */,
				728A88472600975B00C4414F /* Release */,
			);
			defaultConfigurationIsVisible = 0;
			defaultConfigurationName = Release;
		};
		728A88482600975B00C4414F /* Build configuration list for PBXNativeTarget "RxLogin" */ = {
			isa = XCConfigurationList;
			buildConfigurations = (
				728A88492600975B00C4414F /* Debug */,
				728A884A2600975B00C4414F /* Release */,
			);
			defaultConfigurationIsVisible = 0;
			defaultConfigurationName = Release;
		};
/* End XCConfigurationList section */
	};
	rootObject = 728A882C2600975900C4414F /* Project object */;
}
